{
  "name": "final-project",
  "version": "0.1.0",
  "lockfileVersion": 1,
  "requires": true,
  "dependencies": {
    "nexusui": {
      "version": "2.0.10",
      "resolved": "https://registry.npmjs.org/nexusui/-/nexusui-2.0.10.tgz",
      "integrity": "sha512-EmSnmC1NGIf72kpDeF/c8CizDjaWxvF99w+UV4QZzyLO302rS64PxBnqt9XD51P69HTqCvKTJaTDXP8/GYS4KA=="
    },
    "tone": {
      "version": "13.4.9",
      "resolved": "https://registry.npmjs.org/tone/-/tone-13.4.9.tgz",
      "integrity": "sha512-jU3MJOzt9wcGbo57TIzgAQe13EgwvdC7N6N/cA6ZkGYHH8gop+L6a87NRP3LIBCcJxVps6I6i/39ZUJI2aCWUA=="
    }
  }
}
